
Microsoft Visual Studio Solution File, Format Version 12.00
# Visual Studio Version 16
VisualStudioVersion = 16.0.31727.386
MinimumVisualStudioVersion = 10.0.40219.1
Project("{9A19103F-16F7-4668-BE54-9A1E7A4F7556}") = "Weiwuying", "Weiwuying\Weiwuying.csproj", "{E9F61E24-DB6A-49BA-9C32-615632116367}"
EndProject
Global
	GlobalSection(SolutionConfigurationPlatforms) = preSolution
		Debug|Any CPU = Debug|Any CPU
		Release|Any CPU = Release|Any CPU
	EndGlobalSection
	GlobalSection(ProjectConfigurationPlatforms) = postSolution
		{E9F61E24-DB6A-49BA-9C32-615632116367}.Debug|Any CPU.ActiveCfg = Debug|Any CPU
		{E9F61E24-DB6A-49BA-9C32-615632116367}.Debug|Any CPU.Build.0 = Debug|Any CPU
		{E9F61E24-DB6A-49BA-9C32-615632116367}.Release|Any CPU.ActiveCfg = Release|Any CPU
		{E9F61E24-DB6A-49BA-9C32-615632116367}.Release|Any CPU.Build.0 = Release|Any CPU
	EndGlobalSection
	GlobalSection(SolutionProperties) = preSolution
		HideSolutionNode = FALSE
	EndGlobalSection
	GlobalSection(ExtensibilityGlobals) = postSolution
		SolutionGuid = {D5CC790C-4EB7-4092-A9A6-C1DB6222B34D}
	EndGlobalSection
EndGlobal
